
Microsoft Visual Studio Solution File, Format Version 12.00
# Visual Studio Version 17
VisualStudioVersion = 17.3.32811.315
MinimumVisualStudioVersion = 10.0.40219.1
Project("{2150E333-8FDC-42A3-9474-1A3956D46DE8}") = "Platforms", "Platforms", "{A747DD9E-A3EB-48A9-9830-62EF7F2E4A72}"
EndProject
Project("{9A19103F-16F7-4668-BE54-9A1E7A4F7556}") = "WasmUno.Wasm", "WasmUno.Wasm\WasmUno.Wasm.csproj", "{69E2828E-C35D-48D6-A6C8-AFFE665CFDF4}"
EndProject
Global
	GlobalSection(SolutionConfigurationPlatforms) = preSolution
		Debug|Any CPU = Debug|Any CPU
		Release|Any CPU = Release|Any CPU
	EndGlobalSection
	GlobalSection(ProjectConfigurationPlatforms) = postSolution
		{69E2828E-C35D-48D6-A6C8-AFFE665CFDF4}.Debug|Any CPU.ActiveCfg = Debug|Any CPU
		{69E2828E-C35D-48D6-A6C8-AFFE665CFDF4}.Debug|Any CPU.Build.0 = Debug|Any CPU
		{69E2828E-C35D-48D6-A6C8-AFFE665CFDF4}.Release|Any CPU.ActiveCfg = Release|Any CPU
		{69E2828E-C35D-48D6-A6C8-AFFE665CFDF4}.Release|Any CPU.Build.0 = Release|Any CPU
	EndGlobalSection
	GlobalSection(SolutionProperties) = preSolution
		HideSolutionNode = FALSE
	EndGlobalSection
	GlobalSection(NestedProjects) = preSolution
		{69E2828E-C35D-48D6-A6C8-AFFE665CFDF4} = {A747DD9E-A3EB-48A9-9830-62EF7F2E4A72}
	EndGlobalSection
	GlobalSection(ExtensibilityGlobals) = postSolution
		SolutionGuid = {10705347-B143-4781-A112-11F6ADF90F4F}
	EndGlobalSection
EndGlobal
